
Microsoft Visual Studio Solution File, Format Version 12.00
# Visual Studio Version 17
VisualStudioVersion = 17.8.34205.153
MinimumVisualStudioVersion = 10.0.40219.1
Project("{9A19103F-16F7-4668-BE54-9A1E7A4F7556}") = "Exemplo", "Exemplo.csproj", "{31F18098-2E00-430F-9A2D-8E8F762262F8}"
EndProject
Global
	GlobalSection(SolutionConfigurationPlatforms) = preSolution
		Debug|Any CPU = Debug|Any CPU
		Release|Any CPU = Release|Any CPU
	EndGlobalSection
	GlobalSection(ProjectConfigurationPlatforms) = postSolution
		{31F18098-2E00-430F-9A2D-8E8F762262F8}.Debug|Any CPU.ActiveCfg = Debug|Any CPU
		{31F18098-2E00-430F-9A2D-8E8F762262F8}.Debug|Any CPU.Build.0 = Debug|Any CPU
		{31F18098-2E00-430F-9A2D-8E8F762262F8}.Release|Any CPU.ActiveCfg = Release|Any CPU
		{31F18098-2E00-430F-9A2D-8E8F762262F8}.Release|Any CPU.Build.0 = Release|Any CPU
	EndGlobalSection
	GlobalSection(SolutionProperties) = preSolution
		HideSolutionNode = FALSE
	EndGlobalSection
	GlobalSection(ExtensibilityGlobals) = postSolution
		SolutionGuid = {BE832B0A-11C1-4FAA-84A0-83B52DF74020}
	EndGlobalSection
EndGlobal
