
Microsoft Visual Studio Solution File, Format Version 12.00
# Visual Studio Version 17
VisualStudioVersion = 17.8.34205.153
MinimumVisualStudioVersion = 10.0.40219.1
Project("{9A19103F-16F7-4668-BE54-9A1E7A4F7556}") = "APIContagem", "APIContagem.csproj", "{9EEBA7E6-8340-4693-AF8F-CC92C6D81A07}"
EndProject
Project("{9A19103F-16F7-4668-BE54-9A1E7A4F7556}") = "APIs.Security.JWT", "..\APIs.Security.JWT\APIs.Security.JWT.csproj", "{4D500C40-C317-4011-91A1-8730E10D0C83}"
EndProject
Global
	GlobalSection(SolutionConfigurationPlatforms) = preSolution
		Debug|Any CPU = Debug|Any CPU
		Release|Any CPU = Release|Any CPU
	EndGlobalSection
	GlobalSection(ProjectConfigurationPlatforms) = postSolution
		{9EEBA7E6-8340-4693-AF8F-CC92C6D81A07}.Debug|Any CPU.ActiveCfg = Debug|Any CPU
		{9EEBA7E6-8340-4693-AF8F-CC92C6D81A07}.Debug|Any CPU.Build.0 = Debug|Any CPU
		{9EEBA7E6-8340-4693-AF8F-CC92C6D81A07}.Release|Any CPU.ActiveCfg = Release|Any CPU
		{9EEBA7E6-8340-4693-AF8F-CC92C6D81A07}.Release|Any CPU.Build.0 = Release|Any CPU
		{4D500C40-C317-4011-91A1-8730E10D0C83}.Debug|Any CPU.ActiveCfg = Debug|Any CPU
		{4D500C40-C317-4011-91A1-8730E10D0C83}.Debug|Any CPU.Build.0 = Debug|Any CPU
		{4D500C40-C317-4011-91A1-8730E10D0C83}.Release|Any CPU.ActiveCfg = Release|Any CPU
		{4D500C40-C317-4011-91A1-8730E10D0C83}.Release|Any CPU.Build.0 = Release|Any CPU
	EndGlobalSection
	GlobalSection(SolutionProperties) = preSolution
		HideSolutionNode = FALSE
	EndGlobalSection
	GlobalSection(ExtensibilityGlobals) = postSolution
		SolutionGuid = {BC88D016-FFE9-4ECF-B304-1208DCA0E54E}
	EndGlobalSection
EndGlobal
